{
	"name": "evofilemanagerdialog",
	"version": "1.2.7",
	"lockfileVersion": 3,
	"requires": true,
	"packages": {
		"": {
			"name": "evofilemanagerdialog",
			"version": "1.2.7",
			"license": "MIT",
			"dependencies": {
				"clean-css": "^5.3.3",
				"node-zip": "^1.1.1",
				"uglify-js": "^3.17.4"
			}
		},
		"node_modules/clean-css": {
			"version": "5.3.3",
			"resolved": "https://registry.npmjs.org/clean-css/-/clean-css-5.3.3.tgz",
			"integrity": "sha512-D5J+kHaVb/wKSFcyyV75uCn8fiY4sV38XJoe4CUyGQ+mOU/fMVYUdH1hJC+CJQ5uY3EnW27SbJYS4X8BiLrAFg==",
			"dependencies": {
				"source-map": "~0.6.0"
			},
			"engines": {
				"node": ">= 10.0"
			}
		},
		"node_modules/jszip": {
			"version": "2.5.0",
			"resolved": "https://registry.npmjs.org/jszip/-/jszip-2.5.0.tgz",
			"integrity": "sha512-IRoyf8JSYY3nx+uyh5xPc0qdy8pUDTp2UkHOWYNF/IO/3D8nx7899UlSAjD8rf8wUgOmm0lACWx/GbW3EaxIXQ==",
			"dependencies": {
				"pako": "~0.2.5"
			}
		},
		"node_modules/node-zip": {
			"version": "1.1.1",
			"resolved": "https://registry.npmjs.org/node-zip/-/node-zip-1.1.1.tgz",
			"integrity": "sha512-sXfGL65EcaAJqNSXxuyf//i4D4geUtJgZDYUd7IBo2/CH8XY8vcWh1+CBCxuVVyR+S4vAFc3hr//JkCi2+V5vg==",
			"dependencies": {
				"jszip": "2.5.0"
			},
			"bin": {
				"nodezip": "bin/nodezip"
			},
			"engines": {
				"node": "*"
			}
		},
		"node_modules/pako": {
			"version": "0.2.9",
			"resolved": "https://registry.npmjs.org/pako/-/pako-0.2.9.tgz",
			"integrity": "sha512-NUcwaKxUxWrZLpDG+z/xZaCgQITkA/Dv4V/T6bw7VON6l1Xz/VnrBqrYjZQ12TamKHzITTfOEIYUj48y2KXImA=="
		},
		"node_modules/source-map": {
			"version": "0.6.1",
			"resolved": "https://registry.npmjs.org/source-map/-/source-map-0.6.1.tgz",
			"integrity": "sha512-UjgapumWlbMhkBgzT7Ykc5YXUT46F0iKu8SGXq0bcwP5dz/h0Plj6enJqjz1Zbq2l5WaqYnrVbwWOWMyF3F47g==",
			"engines": {
				"node": ">=0.10.0"
			}
		},
		"node_modules/uglify-js": {
			"version": "3.17.4",
			"resolved": "https://registry.npmjs.org/uglify-js/-/uglify-js-3.17.4.tgz",
			"integrity": "sha512-T9q82TJI9e/C1TAxYvfb16xO120tMVFZrGA3f9/P4424DNu6ypK103y0GPFVa17yotwSyZW5iYXgjYHkGrJW/g==",
			"bin": {
				"uglifyjs": "bin/uglifyjs"
			},
			"engines": {
				"node": ">=0.8.0"
			}
		}
	}
}
